
Microsoft Visual Studio Solution File, Format Version 10.00
# Visual Studio 2008
Project("{8BC9CEB8-8B4A-11D0-8D11-00A0C91BC942}") = "ReflStress", "ReflStress.vcproj", "{6CE46874-EA4D-4E25-98F3-C2DD2904358F}"
EndProject
Global
	GlobalSection(SolutionConfigurationPlatforms) = preSolution
		Debug|Win32 = Debug|Win32
		Release|Win32 = Release|Win32
	EndGlobalSection
	GlobalSection(ProjectConfigurationPlatforms) = postSolution
		{6CE46874-EA4D-4E25-98F3-C2DD2904358F}.Debug|Win32.ActiveCfg = Debug|Win32
		{6CE46874-EA4D-4E25-98F3-C2DD2904358F}.Debug|Win32.Build.0 = Debug|Win32
		{6CE46874-EA4D-4E25-98F3-C2DD2904358F}.Release|Win32.ActiveCfg = Release|Win32
		{6CE46874-EA4D-4E25-98F3-C2DD2904358F}.Release|Win32.Build.0 = Release|Win32
	EndGlobalSection
	GlobalSection(SolutionProperties) = preSolution
		HideSolutionNode = FALSE
	EndGlobalSection
EndGlobal
