Microsoft Visual Studio Solution File, Format Version 8.00
Project("{54435603-DBB4-11D2-8724-00A0C9A8B90C}") = "StochFitSetup", "StochFitSetup.vdproj", "{33330CE7-222C-4771-AAE2-5957819019CC}"
	ProjectSection(ProjectDependencies) = postProject
	EndProjectSection
EndProject
Project("{54435603-DBB4-11D2-8724-00A0C9A8B90C}") = "GIXOSStochFitSetup", "GIXOSStochFitSetup\GIXOSStochFitSetup.vdproj", "{96048CDA-790C-42A9-9F7A-320B01A6A1E2}"
	ProjectSection(ProjectDependencies) = postProject
	EndProjectSection
EndProject
Global
	GlobalSection(SolutionConfiguration) = preSolution
		Debug = Debug
		Release = Release
	EndGlobalSection
	GlobalSection(ProjectConfiguration) = postSolution
		{33330CE7-222C-4771-AAE2-5957819019CC}.Debug.ActiveCfg = Debug
		{33330CE7-222C-4771-AAE2-5957819019CC}.Debug.Build.0 = Debug
		{33330CE7-222C-4771-AAE2-5957819019CC}.Release.ActiveCfg = Release
		{33330CE7-222C-4771-AAE2-5957819019CC}.Release.Build.0 = Release
		{96048CDA-790C-42A9-9F7A-320B01A6A1E2}.Debug.ActiveCfg = Debug
		{96048CDA-790C-42A9-9F7A-320B01A6A1E2}.Release.ActiveCfg = Release
		{96048CDA-790C-42A9-9F7A-320B01A6A1E2}.Release.Build.0 = Release
	EndGlobalSection
	GlobalSection(ExtensibilityGlobals) = postSolution
	EndGlobalSection
	GlobalSection(ExtensibilityAddIns) = postSolution
	EndGlobalSection
EndGlobal
