Microsoft Visual Studio Solution File, Format Version 10.00
# Visual Studio 2008
Project("{8BC9CEB8-8B4A-11D0-8D11-00A0C91BC942}") = "StochFitdll", "StochFitdll\StochFit.vcproj", "{8FEF7E88-7B8D-44E8-BBE6-9ECB9DE5B5B1}"
EndProject
Project("{8BC9CEB8-8B4A-11D0-8D11-00A0C91BC942}") = "LevMardll", "LevMardll\LevMardll.vcproj", "{A2D16FE7-CD5C-4D6A-81FE-3789D54D5D13}"
EndProject
Project("{FAE04EC0-301F-11D3-BF4B-00C04F79EFBC}") = "StochFitMain", "StochFit\StochFit\StochFitMain.csproj", "{6475D0A0-C0C1-4F4D-95F5-CD0F6700BFB4}"
	ProjectSection(ProjectDependencies) = postProject
		{8FEF7E88-7B8D-44E8-BBE6-9ECB9DE5B5B1} = {8FEF7E88-7B8D-44E8-BBE6-9ECB9DE5B5B1}
		{A2D16FE7-CD5C-4D6A-81FE-3789D54D5D13} = {A2D16FE7-CD5C-4D6A-81FE-3789D54D5D13}
	EndProjectSection
EndProject
Project("{8BC9CEB8-8B4A-11D0-8D11-00A0C91BC942}") = "MIRefl", "..\MIRefl\MIRefl.vcproj", "{D1D2A628-FC27-4DEF-9E8E-78EAE1F01C4D}"
EndProject
Project("{FAE04EC0-301F-11D3-BF4B-00C04F79EFBC}") = "ZedGraph", "ZedGraph\source\ZedGraph.csproj", "{2541686B-1673-43BF-AF89-3163945DB009}"
EndProject
Global
	GlobalSection(SolutionConfigurationPlatforms) = preSolution
		Debug|Any CPU = Debug|Any CPU
		Debug|Mixed Platforms = Debug|Mixed Platforms
		Debug|Win32 = Debug|Win32
		Debug|x86 = Debug|x86
		Release|Any CPU = Release|Any CPU
		Release|Mixed Platforms = Release|Mixed Platforms
		Release|Win32 = Release|Win32
		Release|x86 = Release|x86
	EndGlobalSection
	GlobalSection(ProjectConfigurationPlatforms) = postSolution
		{8FEF7E88-7B8D-44E8-BBE6-9ECB9DE5B5B1}.Debug|Any CPU.ActiveCfg = Debug|Win32
		{8FEF7E88-7B8D-44E8-BBE6-9ECB9DE5B5B1}.Debug|Any CPU.Build.0 = Debug|Win32
		{8FEF7E88-7B8D-44E8-BBE6-9ECB9DE5B5B1}.Debug|Mixed Platforms.ActiveCfg = Debug|Win32
		{8FEF7E88-7B8D-44E8-BBE6-9ECB9DE5B5B1}.Debug|Mixed Platforms.Build.0 = Debug|Win32
		{8FEF7E88-7B8D-44E8-BBE6-9ECB9DE5B5B1}.Debug|Win32.ActiveCfg = Debug|Win32
		{8FEF7E88-7B8D-44E8-BBE6-9ECB9DE5B5B1}.Debug|Win32.Build.0 = Debug|Win32
		{8FEF7E88-7B8D-44E8-BBE6-9ECB9DE5B5B1}.Debug|x86.ActiveCfg = Debug|Win32
		{8FEF7E88-7B8D-44E8-BBE6-9ECB9DE5B5B1}.Release|Any CPU.ActiveCfg = Release|Win32
		{8FEF7E88-7B8D-44E8-BBE6-9ECB9DE5B5B1}.Release|Any CPU.Build.0 = Release|Win32
		{8FEF7E88-7B8D-44E8-BBE6-9ECB9DE5B5B1}.Release|Mixed Platforms.ActiveCfg = Release|Win32
		{8FEF7E88-7B8D-44E8-BBE6-9ECB9DE5B5B1}.Release|Mixed Platforms.Build.0 = Release|Win32
		{8FEF7E88-7B8D-44E8-BBE6-9ECB9DE5B5B1}.Release|Win32.ActiveCfg = Release|Win32
		{8FEF7E88-7B8D-44E8-BBE6-9ECB9DE5B5B1}.Release|Win32.Build.0 = Release|Win32
		{8FEF7E88-7B8D-44E8-BBE6-9ECB9DE5B5B1}.Release|x86.ActiveCfg = Release|Win32
		{A2D16FE7-CD5C-4D6A-81FE-3789D54D5D13}.Debug|Any CPU.ActiveCfg = Debug|Win32
		{A2D16FE7-CD5C-4D6A-81FE-3789D54D5D13}.Debug|Any CPU.Build.0 = Debug|Win32
		{A2D16FE7-CD5C-4D6A-81FE-3789D54D5D13}.Debug|Mixed Platforms.ActiveCfg = Debug|Win32
		{A2D16FE7-CD5C-4D6A-81FE-3789D54D5D13}.Debug|Mixed Platforms.Build.0 = Debug|Win32
		{A2D16FE7-CD5C-4D6A-81FE-3789D54D5D13}.Debug|Win32.ActiveCfg = Debug|Win32
		{A2D16FE7-CD5C-4D6A-81FE-3789D54D5D13}.Debug|Win32.Build.0 = Debug|Win32
		{A2D16FE7-CD5C-4D6A-81FE-3789D54D5D13}.Debug|x86.ActiveCfg = Debug|Win32
		{A2D16FE7-CD5C-4D6A-81FE-3789D54D5D13}.Release|Any CPU.ActiveCfg = Release|Win32
		{A2D16FE7-CD5C-4D6A-81FE-3789D54D5D13}.Release|Any CPU.Build.0 = Release|Win32
		{A2D16FE7-CD5C-4D6A-81FE-3789D54D5D13}.Release|Mixed Platforms.ActiveCfg = Release|Win32
		{A2D16FE7-CD5C-4D6A-81FE-3789D54D5D13}.Release|Mixed Platforms.Build.0 = Release|Win32
		{A2D16FE7-CD5C-4D6A-81FE-3789D54D5D13}.Release|Win32.ActiveCfg = Release|Win32
		{A2D16FE7-CD5C-4D6A-81FE-3789D54D5D13}.Release|Win32.Build.0 = Release|Win32
		{A2D16FE7-CD5C-4D6A-81FE-3789D54D5D13}.Release|x86.ActiveCfg = Release|Win32
		{6475D0A0-C0C1-4F4D-95F5-CD0F6700BFB4}.Debug|Any CPU.ActiveCfg = Debug|Any CPU
		{6475D0A0-C0C1-4F4D-95F5-CD0F6700BFB4}.Debug|Any CPU.Build.0 = Debug|Any CPU
		{6475D0A0-C0C1-4F4D-95F5-CD0F6700BFB4}.Debug|Mixed Platforms.ActiveCfg = Debug|Any CPU
		{6475D0A0-C0C1-4F4D-95F5-CD0F6700BFB4}.Debug|Mixed Platforms.Build.0 = Debug|Any CPU
		{6475D0A0-C0C1-4F4D-95F5-CD0F6700BFB4}.Debug|Win32.ActiveCfg = Debug|Any CPU
		{6475D0A0-C0C1-4F4D-95F5-CD0F6700BFB4}.Debug|Win32.Build.0 = Debug|Any CPU
		{6475D0A0-C0C1-4F4D-95F5-CD0F6700BFB4}.Debug|x86.ActiveCfg = Debug|x86
		{6475D0A0-C0C1-4F4D-95F5-CD0F6700BFB4}.Debug|x86.Build.0 = Debug|x86
		{6475D0A0-C0C1-4F4D-95F5-CD0F6700BFB4}.Release|Any CPU.ActiveCfg = Release|Any CPU
		{6475D0A0-C0C1-4F4D-95F5-CD0F6700BFB4}.Release|Any CPU.Build.0 = Release|Any CPU
		{6475D0A0-C0C1-4F4D-95F5-CD0F6700BFB4}.Release|Mixed Platforms.ActiveCfg = Release|Any CPU
		{6475D0A0-C0C1-4F4D-95F5-CD0F6700BFB4}.Release|Mixed Platforms.Build.0 = Release|Any CPU
		{6475D0A0-C0C1-4F4D-95F5-CD0F6700BFB4}.Release|Win32.ActiveCfg = Release|Any CPU
		{6475D0A0-C0C1-4F4D-95F5-CD0F6700BFB4}.Release|Win32.Build.0 = Release|Any CPU
		{6475D0A0-C0C1-4F4D-95F5-CD0F6700BFB4}.Release|x86.ActiveCfg = Release|x86
		{6475D0A0-C0C1-4F4D-95F5-CD0F6700BFB4}.Release|x86.Build.0 = Release|x86
		{D1D2A628-FC27-4DEF-9E8E-78EAE1F01C4D}.Debug|Any CPU.ActiveCfg = Debug|Win32
		{D1D2A628-FC27-4DEF-9E8E-78EAE1F01C4D}.Debug|Mixed Platforms.ActiveCfg = Debug|Win32
		{D1D2A628-FC27-4DEF-9E8E-78EAE1F01C4D}.Debug|Mixed Platforms.Build.0 = Debug|Win32
		{D1D2A628-FC27-4DEF-9E8E-78EAE1F01C4D}.Debug|Win32.ActiveCfg = Debug|Win32
		{D1D2A628-FC27-4DEF-9E8E-78EAE1F01C4D}.Debug|Win32.Build.0 = Debug|Win32
		{D1D2A628-FC27-4DEF-9E8E-78EAE1F01C4D}.Debug|x86.ActiveCfg = Debug|Win32
		{D1D2A628-FC27-4DEF-9E8E-78EAE1F01C4D}.Release|Any CPU.ActiveCfg = Release|Win32
		{D1D2A628-FC27-4DEF-9E8E-78EAE1F01C4D}.Release|Mixed Platforms.ActiveCfg = Release|Win32
		{D1D2A628-FC27-4DEF-9E8E-78EAE1F01C4D}.Release|Win32.ActiveCfg = Release|Win32
		{D1D2A628-FC27-4DEF-9E8E-78EAE1F01C4D}.Release|Win32.Build.0 = Release|Win32
		{D1D2A628-FC27-4DEF-9E8E-78EAE1F01C4D}.Release|x86.ActiveCfg = Release|Win32
		{2541686B-1673-43BF-AF89-3163945DB009}.Debug|Any CPU.ActiveCfg = Debug|Any CPU
		{2541686B-1673-43BF-AF89-3163945DB009}.Debug|Any CPU.Build.0 = Debug|Any CPU
		{2541686B-1673-43BF-AF89-3163945DB009}.Debug|Mixed Platforms.ActiveCfg = Debug|Any CPU
		{2541686B-1673-43BF-AF89-3163945DB009}.Debug|Mixed Platforms.Build.0 = Debug|Any CPU
		{2541686B-1673-43BF-AF89-3163945DB009}.Debug|Win32.ActiveCfg = Debug|Any CPU
		{2541686B-1673-43BF-AF89-3163945DB009}.Debug|x86.ActiveCfg = Debug|Any CPU
		{2541686B-1673-43BF-AF89-3163945DB009}.Release|Any CPU.ActiveCfg = Release|Any CPU
		{2541686B-1673-43BF-AF89-3163945DB009}.Release|Any CPU.Build.0 = Release|Any CPU
		{2541686B-1673-43BF-AF89-3163945DB009}.Release|Mixed Platforms.ActiveCfg = Release|Any CPU
		{2541686B-1673-43BF-AF89-3163945DB009}.Release|Mixed Platforms.Build.0 = Release|Any CPU
		{2541686B-1673-43BF-AF89-3163945DB009}.Release|Win32.ActiveCfg = Release|Any CPU
		{2541686B-1673-43BF-AF89-3163945DB009}.Release|x86.ActiveCfg = Release|Any CPU
	EndGlobalSection
	GlobalSection(SolutionProperties) = preSolution
		HideSolutionNode = FALSE
	EndGlobalSection
EndGlobal
