Microsoft Visual Studio Solution File, Format Version 10.00
# Visual Studio 2008
Project("{EAF909A5-FA59-4C3D-9431-0FCC20D5BCF9}") = "StochFitdll", "StochFitdll\StochFit.icproj", "{0500C168-FD63-4DFE-8D66-C449E4D9E19B}"
	ProjectSection(ProjectDependencies) = postProject
		{A48F94C1-D858-4931-8B83-4FDACA7B7BF9} = {A48F94C1-D858-4931-8B83-4FDACA7B7BF9}
	EndProjectSection
EndProject
Project("{EAF909A5-FA59-4C3D-9431-0FCC20D5BCF9}") = "LevMardll", "LevMardll\LevMardll.icproj", "{1942BC8C-3706-48D2-8D70-3BF4237A41CE}"
EndProject
Project("{FAE04EC0-301F-11D3-BF4B-00C04F79EFBC}") = "StochFitMain", "StochFit\StochFit\StochFitMain.csproj", "{6475D0A0-C0C1-4F4D-95F5-CD0F6700BFB4}"
	ProjectSection(ProjectDependencies) = postProject
		{0500C168-FD63-4DFE-8D66-C449E4D9E19B} = {0500C168-FD63-4DFE-8D66-C449E4D9E19B}
		{1942BC8C-3706-48D2-8D70-3BF4237A41CE} = {1942BC8C-3706-48D2-8D70-3BF4237A41CE}
		{A48F94C1-D858-4931-8B83-4FDACA7B7BF9} = {A48F94C1-D858-4931-8B83-4FDACA7B7BF9}
	EndProjectSection
EndProject
Project("{EAF909A5-FA59-4C3D-9431-0FCC20D5BCF9}") = "ASA", "ASA\ASA.icproj", "{A48F94C1-D858-4931-8B83-4FDACA7B7BF9}"
EndProject
Global
	GlobalSection(SolutionConfigurationPlatforms) = preSolution
		Debug|Any CPU = Debug|Any CPU
		Debug|Mixed Platforms = Debug|Mixed Platforms
		Debug|Win32 = Debug|Win32
		Debug|x86 = Debug|x86
		GIXOS|Any CPU = GIXOS|Any CPU
		GIXOS|Mixed Platforms = GIXOS|Mixed Platforms
		GIXOS|Win32 = GIXOS|Win32
		GIXOS|x86 = GIXOS|x86
		Release|Any CPU = Release|Any CPU
		Release|Mixed Platforms = Release|Mixed Platforms
		Release|Win32 = Release|Win32
		Release|x86 = Release|x86
	EndGlobalSection
	GlobalSection(ProjectConfigurationPlatforms) = postSolution
		{0500C168-FD63-4DFE-8D66-C449E4D9E19B}.Debug|Any CPU.ActiveCfg = Debug|Win32
		{0500C168-FD63-4DFE-8D66-C449E4D9E19B}.Debug|Any CPU.Build.0 = Debug|Win32
		{0500C168-FD63-4DFE-8D66-C449E4D9E19B}.Debug|Mixed Platforms.ActiveCfg = Debug|Win32
		{0500C168-FD63-4DFE-8D66-C449E4D9E19B}.Debug|Mixed Platforms.Build.0 = Debug|Win32
		{0500C168-FD63-4DFE-8D66-C449E4D9E19B}.Debug|Win32.ActiveCfg = Debug|Win32
		{0500C168-FD63-4DFE-8D66-C449E4D9E19B}.Debug|Win32.Build.0 = Debug|Win32
		{0500C168-FD63-4DFE-8D66-C449E4D9E19B}.Debug|x86.ActiveCfg = Debug|Win32
		{0500C168-FD63-4DFE-8D66-C449E4D9E19B}.GIXOS|Any CPU.ActiveCfg = GIXOS|Win32
		{0500C168-FD63-4DFE-8D66-C449E4D9E19B}.GIXOS|Mixed Platforms.ActiveCfg = GIXOS|Win32
		{0500C168-FD63-4DFE-8D66-C449E4D9E19B}.GIXOS|Mixed Platforms.Build.0 = GIXOS|Win32
		{0500C168-FD63-4DFE-8D66-C449E4D9E19B}.GIXOS|Win32.ActiveCfg = GIXOS|Win32
		{0500C168-FD63-4DFE-8D66-C449E4D9E19B}.GIXOS|Win32.Build.0 = GIXOS|Win32
		{0500C168-FD63-4DFE-8D66-C449E4D9E19B}.GIXOS|x86.ActiveCfg = GIXOS|Win32
		{0500C168-FD63-4DFE-8D66-C449E4D9E19B}.Release|Any CPU.ActiveCfg = Release|Win32
		{0500C168-FD63-4DFE-8D66-C449E4D9E19B}.Release|Any CPU.Build.0 = Release|Win32
		{0500C168-FD63-4DFE-8D66-C449E4D9E19B}.Release|Mixed Platforms.ActiveCfg = Release|Win32
		{0500C168-FD63-4DFE-8D66-C449E4D9E19B}.Release|Mixed Platforms.Build.0 = Release|Win32
		{0500C168-FD63-4DFE-8D66-C449E4D9E19B}.Release|Win32.ActiveCfg = Release|Win32
		{0500C168-FD63-4DFE-8D66-C449E4D9E19B}.Release|Win32.Build.0 = Release|Win32
		{0500C168-FD63-4DFE-8D66-C449E4D9E19B}.Release|x86.ActiveCfg = Release|Win32
		{1942BC8C-3706-48D2-8D70-3BF4237A41CE}.Debug|Any CPU.ActiveCfg = Debug|Win32
		{1942BC8C-3706-48D2-8D70-3BF4237A41CE}.Debug|Any CPU.Build.0 = Debug|Win32
		{1942BC8C-3706-48D2-8D70-3BF4237A41CE}.Debug|Mixed Platforms.ActiveCfg = Debug|Win32
		{1942BC8C-3706-48D2-8D70-3BF4237A41CE}.Debug|Mixed Platforms.Build.0 = Debug|Win32
		{1942BC8C-3706-48D2-8D70-3BF4237A41CE}.Debug|Win32.ActiveCfg = Debug|Win32
		{1942BC8C-3706-48D2-8D70-3BF4237A41CE}.Debug|Win32.Build.0 = Debug|Win32
		{1942BC8C-3706-48D2-8D70-3BF4237A41CE}.Debug|x86.ActiveCfg = Debug|Win32
		{1942BC8C-3706-48D2-8D70-3BF4237A41CE}.GIXOS|Any CPU.ActiveCfg = GIXOS|Win32
		{1942BC8C-3706-48D2-8D70-3BF4237A41CE}.GIXOS|Mixed Platforms.ActiveCfg = GIXOS|Win32
		{1942BC8C-3706-48D2-8D70-3BF4237A41CE}.GIXOS|Mixed Platforms.Build.0 = GIXOS|Win32
		{1942BC8C-3706-48D2-8D70-3BF4237A41CE}.GIXOS|Win32.ActiveCfg = GIXOS|Win32
		{1942BC8C-3706-48D2-8D70-3BF4237A41CE}.GIXOS|Win32.Build.0 = GIXOS|Win32
		{1942BC8C-3706-48D2-8D70-3BF4237A41CE}.GIXOS|x86.ActiveCfg = GIXOS|Win32
		{1942BC8C-3706-48D2-8D70-3BF4237A41CE}.Release|Any CPU.ActiveCfg = Release|Win32
		{1942BC8C-3706-48D2-8D70-3BF4237A41CE}.Release|Any CPU.Build.0 = Release|Win32
		{1942BC8C-3706-48D2-8D70-3BF4237A41CE}.Release|Mixed Platforms.ActiveCfg = Release|Win32
		{1942BC8C-3706-48D2-8D70-3BF4237A41CE}.Release|Mixed Platforms.Build.0 = Release|Win32
		{1942BC8C-3706-48D2-8D70-3BF4237A41CE}.Release|Win32.ActiveCfg = Release|Win32
		{1942BC8C-3706-48D2-8D70-3BF4237A41CE}.Release|Win32.Build.0 = Release|Win32
		{1942BC8C-3706-48D2-8D70-3BF4237A41CE}.Release|x86.ActiveCfg = Release|Win32
		{6475D0A0-C0C1-4F4D-95F5-CD0F6700BFB4}.Debug|Any CPU.ActiveCfg = Debug|Any CPU
		{6475D0A0-C0C1-4F4D-95F5-CD0F6700BFB4}.Debug|Any CPU.Build.0 = Debug|Any CPU
		{6475D0A0-C0C1-4F4D-95F5-CD0F6700BFB4}.Debug|Mixed Platforms.ActiveCfg = Debug|Any CPU
		{6475D0A0-C0C1-4F4D-95F5-CD0F6700BFB4}.Debug|Mixed Platforms.Build.0 = Debug|Any CPU
		{6475D0A0-C0C1-4F4D-95F5-CD0F6700BFB4}.Debug|Win32.ActiveCfg = Debug|Any CPU
		{6475D0A0-C0C1-4F4D-95F5-CD0F6700BFB4}.Debug|Win32.Build.0 = Debug|Any CPU
		{6475D0A0-C0C1-4F4D-95F5-CD0F6700BFB4}.Debug|x86.ActiveCfg = Debug|x86
		{6475D0A0-C0C1-4F4D-95F5-CD0F6700BFB4}.Debug|x86.Build.0 = Debug|x86
		{6475D0A0-C0C1-4F4D-95F5-CD0F6700BFB4}.GIXOS|Any CPU.ActiveCfg = GIXOS|Any CPU
		{6475D0A0-C0C1-4F4D-95F5-CD0F6700BFB4}.GIXOS|Any CPU.Build.0 = GIXOS|Any CPU
		{6475D0A0-C0C1-4F4D-95F5-CD0F6700BFB4}.GIXOS|Mixed Platforms.ActiveCfg = GIXOS|Any CPU
		{6475D0A0-C0C1-4F4D-95F5-CD0F6700BFB4}.GIXOS|Mixed Platforms.Build.0 = GIXOS|Any CPU
		{6475D0A0-C0C1-4F4D-95F5-CD0F6700BFB4}.GIXOS|Win32.ActiveCfg = GIXOS|Any CPU
		{6475D0A0-C0C1-4F4D-95F5-CD0F6700BFB4}.GIXOS|x86.ActiveCfg = GIXOS|x86
		{6475D0A0-C0C1-4F4D-95F5-CD0F6700BFB4}.GIXOS|x86.Build.0 = GIXOS|x86
		{6475D0A0-C0C1-4F4D-95F5-CD0F6700BFB4}.Release|Any CPU.ActiveCfg = Release|Any CPU
		{6475D0A0-C0C1-4F4D-95F5-CD0F6700BFB4}.Release|Any CPU.Build.0 = Release|Any CPU
		{6475D0A0-C0C1-4F4D-95F5-CD0F6700BFB4}.Release|Mixed Platforms.ActiveCfg = Release|Any CPU
		{6475D0A0-C0C1-4F4D-95F5-CD0F6700BFB4}.Release|Mixed Platforms.Build.0 = Release|Any CPU
		{6475D0A0-C0C1-4F4D-95F5-CD0F6700BFB4}.Release|Win32.ActiveCfg = Release|Any CPU
		{6475D0A0-C0C1-4F4D-95F5-CD0F6700BFB4}.Release|Win32.Build.0 = Release|Any CPU
		{6475D0A0-C0C1-4F4D-95F5-CD0F6700BFB4}.Release|x86.ActiveCfg = Release|x86
		{6475D0A0-C0C1-4F4D-95F5-CD0F6700BFB4}.Release|x86.Build.0 = Release|x86
		{A48F94C1-D858-4931-8B83-4FDACA7B7BF9}.Debug|Any CPU.ActiveCfg = Debug|Win32
		{A48F94C1-D858-4931-8B83-4FDACA7B7BF9}.Debug|Mixed Platforms.ActiveCfg = Debug|Win32
		{A48F94C1-D858-4931-8B83-4FDACA7B7BF9}.Debug|Mixed Platforms.Build.0 = Debug|Win32
		{A48F94C1-D858-4931-8B83-4FDACA7B7BF9}.Debug|Win32.ActiveCfg = Debug|Win32
		{A48F94C1-D858-4931-8B83-4FDACA7B7BF9}.Debug|Win32.Build.0 = Debug|Win32
		{A48F94C1-D858-4931-8B83-4FDACA7B7BF9}.Debug|x86.ActiveCfg = Debug|Win32
		{A48F94C1-D858-4931-8B83-4FDACA7B7BF9}.GIXOS|Any CPU.ActiveCfg = Release|Win32
		{A48F94C1-D858-4931-8B83-4FDACA7B7BF9}.GIXOS|Mixed Platforms.ActiveCfg = Release|Win32
		{A48F94C1-D858-4931-8B83-4FDACA7B7BF9}.GIXOS|Mixed Platforms.Build.0 = Release|Win32
		{A48F94C1-D858-4931-8B83-4FDACA7B7BF9}.GIXOS|Win32.ActiveCfg = Release|Win32
		{A48F94C1-D858-4931-8B83-4FDACA7B7BF9}.GIXOS|Win32.Build.0 = Release|Win32
		{A48F94C1-D858-4931-8B83-4FDACA7B7BF9}.GIXOS|x86.ActiveCfg = Release|Win32
		{A48F94C1-D858-4931-8B83-4FDACA7B7BF9}.Release|Any CPU.ActiveCfg = Release|Win32
		{A48F94C1-D858-4931-8B83-4FDACA7B7BF9}.Release|Mixed Platforms.ActiveCfg = Release|Win32
		{A48F94C1-D858-4931-8B83-4FDACA7B7BF9}.Release|Win32.ActiveCfg = Release|Win32
		{A48F94C1-D858-4931-8B83-4FDACA7B7BF9}.Release|Win32.Build.0 = Release|Win32
		{A48F94C1-D858-4931-8B83-4FDACA7B7BF9}.Release|x86.ActiveCfg = Release|Win32
	EndGlobalSection
	GlobalSection(SolutionProperties) = preSolution
		HideSolutionNode = FALSE
	EndGlobalSection
EndGlobal
